
Microsoft Visual Studio Solution File, Format Version 12.00
# Visual Studio Version 17
VisualStudioVersion = 17.0.32126.317
MinimumVisualStudioVersion = 10.0.40219.1
Project("{2150E333-8FDC-42A3-9474-1A3956D46DE8}") = "dotnet-webapi", "dotnet-webapi", "{413254A3-C7C6-4BB4-A7F6-53BEA18346F0}"
EndProject
Project("{9A19103F-16F7-4668-BE54-9A1E7A4F7556}") = "Library.Tugboat", "Library.Tugboat\Library.Tugboat.csproj", "{BD4490EE-C8AB-44BF-83EC-8771D19704C9}"
EndProject
Project("{2150E333-8FDC-42A3-9474-1A3956D46DE8}") = "csharp", "csharp", "{033101E8-22BF-41B3-BE56-061E6B814A5D}"
EndProject
Project("{9A19103F-16F7-4668-BE54-9A1E7A4F7556}") = "dotnet-webapi", "proto-csharp\dotnet-webapi\dotnet-webapi\dotnet-webapi.csproj", "{A12FDDB4-E61C-455F-9164-07078AD574E7}"
EndProject
Project("{9A19103F-16F7-4668-BE54-9A1E7A4F7556}") = "appl-controllers", "proto-csharp\dotnet-webapi\appl-controllers\appl-controllers.csproj", "{FCEFD171-404C-4029-A65F-006DDB80258F}"
EndProject
Project("{9A19103F-16F7-4668-BE54-9A1E7A4F7556}") = "appl-tests", "proto-csharp\dotnet-webapi\appl-tests\appl-tests.csproj", "{19E31D66-6002-4383-8FA9-6B4E9F31C0FB}"
EndProject
Project("{9A19103F-16F7-4668-BE54-9A1E7A4F7556}") = "appl-logic", "proto-csharp\dotnet-webapi\appl-logic\appl-logic.csproj", "{BD329DE7-1D4B-476E-A473-96EC55E9599E}"
EndProject
Project("{2150E333-8FDC-42A3-9474-1A3956D46DE8}") = "fsharp", "fsharp", "{72064031-DCA6-4818-AF72-8016A0133239}"
EndProject
Project("{6EC3EE1D-3C4E-46DD-8F32-0CC8E7565705}") = "appl-controllers", "proto-fsharp\dotnet-webapi\appl-controllers\appl-controllers.fsproj", "{9F04EACD-6D42-4AF1-882D-006847E6C814}"
EndProject
Project("{6EC3EE1D-3C4E-46DD-8F32-0CC8E7565705}") = "appl-tests", "proto-fsharp\dotnet-webapi\appl-tests\appl-tests.fsproj", "{5D7AB63C-8106-425B-B059-9F5B5E829587}"
EndProject
Project("{6EC3EE1D-3C4E-46DD-8F32-0CC8E7565705}") = "dotnet-webapi", "proto-fsharp\dotnet-webapi\dotnet-webapi\dotnet-webapi.fsproj", "{610DB54F-8D62-4EDC-AA74-6144BF5959A6}"
EndProject
Project("{6EC3EE1D-3C4E-46DD-8F32-0CC8E7565705}") = "appl-logic", "proto-fsharp\dotnet-webapi\appl-logic\appl-logic.fsproj", "{8A81749D-FA08-4BA2-81DB-6709BB3F62CF}"
EndProject
Project("{2150E333-8FDC-42A3-9474-1A3956D46DE8}") = "orleans-directclient", "orleans-directclient", "{C2993E0E-0998-401F-8D21-805D3682B65B}"
EndProject
Project("{2150E333-8FDC-42A3-9474-1A3956D46DE8}") = "csharp", "csharp", "{3C5AA45F-B7EE-4CD4-8F58-18BB60281D11}"
EndProject
Project("{9A19103F-16F7-4668-BE54-9A1E7A4F7556}") = "grains", "proto-csharp\orleans-directclient\grains\grains.csproj", "{7862E32D-BACB-4FF1-870E-DBAF0B27A82B}"
EndProject
Project("{9A19103F-16F7-4668-BE54-9A1E7A4F7556}") = "grain-tests", "proto-csharp\orleans-directclient\grain-tests\grain-tests.csproj", "{EA00BC9D-C167-4444-9333-8A9A9084C0A8}"
EndProject
Project("{9A19103F-16F7-4668-BE54-9A1E7A4F7556}") = "grain-controllers", "proto-csharp\orleans-directclient\grain-controllers\grain-controllers.csproj", "{1085437A-9D8D-47FE-B6AA-097EE9F57DBD}"
EndProject
Project("{9A19103F-16F7-4668-BE54-9A1E7A4F7556}") = "orleans-directclient", "proto-csharp\orleans-directclient\orleans-directclient\orleans-directclient.csproj", "{54663D0F-6ECD-4EB8-B1F2-2538A8B51E36}"
EndProject
Project("{2150E333-8FDC-42A3-9474-1A3956D46DE8}") = "fsharp", "fsharp", "{2F24CE72-9D20-4BCA-AA7D-6C99E8C5AA33}"
EndProject
Project("{6EC3EE1D-3C4E-46DD-8F32-0CC8E7565705}") = "grains", "proto-fsharp\orleans-directclient\grains\grains.fsproj", "{308EDD97-9308-4D1D-937D-7166B93050B9}"
EndProject
Project("{6EC3EE1D-3C4E-46DD-8F32-0CC8E7565705}") = "grain-tests", "proto-fsharp\orleans-directclient\grain-tests\grain-tests.fsproj", "{DACD2830-4E54-48FE-994E-80113913933B}"
EndProject
Project("{6EC3EE1D-3C4E-46DD-8F32-0CC8E7565705}") = "grain-controllers", "proto-fsharp\orleans-directclient\grain-controllers\grain-controllers.fsproj", "{58A163B1-9ABA-4854-B162-BADD91A09B70}"
EndProject
Project("{6EC3EE1D-3C4E-46DD-8F32-0CC8E7565705}") = "orleans-directclient", "proto-fsharp\orleans-directclient\orleans-directclient\orleans-directclient.fsproj", "{68ECBF40-7257-400F-B199-0DB6D2A7A005}"
EndProject
Global
	GlobalSection(SolutionConfigurationPlatforms) = preSolution
		Debug|Any CPU = Debug|Any CPU
		Release|Any CPU = Release|Any CPU
	EndGlobalSection
	GlobalSection(ProjectConfigurationPlatforms) = postSolution
		{A12FDDB4-E61C-455F-9164-07078AD574E7}.Debug|Any CPU.ActiveCfg = Debug|Any CPU
		{A12FDDB4-E61C-455F-9164-07078AD574E7}.Debug|Any CPU.Build.0 = Debug|Any CPU
		{A12FDDB4-E61C-455F-9164-07078AD574E7}.Release|Any CPU.ActiveCfg = Release|Any CPU
		{A12FDDB4-E61C-455F-9164-07078AD574E7}.Release|Any CPU.Build.0 = Release|Any CPU
		{FCEFD171-404C-4029-A65F-006DDB80258F}.Debug|Any CPU.ActiveCfg = Debug|Any CPU
		{FCEFD171-404C-4029-A65F-006DDB80258F}.Debug|Any CPU.Build.0 = Debug|Any CPU
		{FCEFD171-404C-4029-A65F-006DDB80258F}.Release|Any CPU.ActiveCfg = Release|Any CPU
		{FCEFD171-404C-4029-A65F-006DDB80258F}.Release|Any CPU.Build.0 = Release|Any CPU
		{19E31D66-6002-4383-8FA9-6B4E9F31C0FB}.Debug|Any CPU.ActiveCfg = Debug|Any CPU
		{19E31D66-6002-4383-8FA9-6B4E9F31C0FB}.Debug|Any CPU.Build.0 = Debug|Any CPU
		{19E31D66-6002-4383-8FA9-6B4E9F31C0FB}.Release|Any CPU.ActiveCfg = Release|Any CPU
		{19E31D66-6002-4383-8FA9-6B4E9F31C0FB}.Release|Any CPU.Build.0 = Release|Any CPU
		{9F04EACD-6D42-4AF1-882D-006847E6C814}.Debug|Any CPU.ActiveCfg = Debug|Any CPU
		{9F04EACD-6D42-4AF1-882D-006847E6C814}.Debug|Any CPU.Build.0 = Debug|Any CPU
		{9F04EACD-6D42-4AF1-882D-006847E6C814}.Release|Any CPU.ActiveCfg = Release|Any CPU
		{9F04EACD-6D42-4AF1-882D-006847E6C814}.Release|Any CPU.Build.0 = Release|Any CPU
		{5D7AB63C-8106-425B-B059-9F5B5E829587}.Debug|Any CPU.ActiveCfg = Debug|Any CPU
		{5D7AB63C-8106-425B-B059-9F5B5E829587}.Debug|Any CPU.Build.0 = Debug|Any CPU
		{5D7AB63C-8106-425B-B059-9F5B5E829587}.Release|Any CPU.ActiveCfg = Release|Any CPU
		{5D7AB63C-8106-425B-B059-9F5B5E829587}.Release|Any CPU.Build.0 = Release|Any CPU
		{610DB54F-8D62-4EDC-AA74-6144BF5959A6}.Debug|Any CPU.ActiveCfg = Debug|Any CPU
		{610DB54F-8D62-4EDC-AA74-6144BF5959A6}.Debug|Any CPU.Build.0 = Debug|Any CPU
		{610DB54F-8D62-4EDC-AA74-6144BF5959A6}.Release|Any CPU.ActiveCfg = Release|Any CPU
		{610DB54F-8D62-4EDC-AA74-6144BF5959A6}.Release|Any CPU.Build.0 = Release|Any CPU
		{BD4490EE-C8AB-44BF-83EC-8771D19704C9}.Debug|Any CPU.ActiveCfg = Debug|Any CPU
		{BD4490EE-C8AB-44BF-83EC-8771D19704C9}.Debug|Any CPU.Build.0 = Debug|Any CPU
		{BD4490EE-C8AB-44BF-83EC-8771D19704C9}.Release|Any CPU.ActiveCfg = Release|Any CPU
		{BD4490EE-C8AB-44BF-83EC-8771D19704C9}.Release|Any CPU.Build.0 = Release|Any CPU
		{BD329DE7-1D4B-476E-A473-96EC55E9599E}.Debug|Any CPU.ActiveCfg = Debug|Any CPU
		{BD329DE7-1D4B-476E-A473-96EC55E9599E}.Debug|Any CPU.Build.0 = Debug|Any CPU
		{BD329DE7-1D4B-476E-A473-96EC55E9599E}.Release|Any CPU.ActiveCfg = Release|Any CPU
		{BD329DE7-1D4B-476E-A473-96EC55E9599E}.Release|Any CPU.Build.0 = Release|Any CPU
		{8A81749D-FA08-4BA2-81DB-6709BB3F62CF}.Debug|Any CPU.ActiveCfg = Debug|Any CPU
		{8A81749D-FA08-4BA2-81DB-6709BB3F62CF}.Debug|Any CPU.Build.0 = Debug|Any CPU
		{8A81749D-FA08-4BA2-81DB-6709BB3F62CF}.Release|Any CPU.ActiveCfg = Release|Any CPU
		{8A81749D-FA08-4BA2-81DB-6709BB3F62CF}.Release|Any CPU.Build.0 = Release|Any CPU
		{58A163B1-9ABA-4854-B162-BADD91A09B70}.Debug|Any CPU.ActiveCfg = Debug|Any CPU
		{58A163B1-9ABA-4854-B162-BADD91A09B70}.Debug|Any CPU.Build.0 = Debug|Any CPU
		{58A163B1-9ABA-4854-B162-BADD91A09B70}.Release|Any CPU.ActiveCfg = Release|Any CPU
		{58A163B1-9ABA-4854-B162-BADD91A09B70}.Release|Any CPU.Build.0 = Release|Any CPU
		{1085437A-9D8D-47FE-B6AA-097EE9F57DBD}.Debug|Any CPU.ActiveCfg = Debug|Any CPU
		{1085437A-9D8D-47FE-B6AA-097EE9F57DBD}.Debug|Any CPU.Build.0 = Debug|Any CPU
		{1085437A-9D8D-47FE-B6AA-097EE9F57DBD}.Release|Any CPU.ActiveCfg = Release|Any CPU
		{1085437A-9D8D-47FE-B6AA-097EE9F57DBD}.Release|Any CPU.Build.0 = Release|Any CPU
		{7862E32D-BACB-4FF1-870E-DBAF0B27A82B}.Debug|Any CPU.ActiveCfg = Debug|Any CPU
		{7862E32D-BACB-4FF1-870E-DBAF0B27A82B}.Debug|Any CPU.Build.0 = Debug|Any CPU
		{7862E32D-BACB-4FF1-870E-DBAF0B27A82B}.Release|Any CPU.ActiveCfg = Release|Any CPU
		{7862E32D-BACB-4FF1-870E-DBAF0B27A82B}.Release|Any CPU.Build.0 = Release|Any CPU
		{EA00BC9D-C167-4444-9333-8A9A9084C0A8}.Debug|Any CPU.ActiveCfg = Debug|Any CPU
		{EA00BC9D-C167-4444-9333-8A9A9084C0A8}.Debug|Any CPU.Build.0 = Debug|Any CPU
		{EA00BC9D-C167-4444-9333-8A9A9084C0A8}.Release|Any CPU.ActiveCfg = Release|Any CPU
		{EA00BC9D-C167-4444-9333-8A9A9084C0A8}.Release|Any CPU.Build.0 = Release|Any CPU
		{54663D0F-6ECD-4EB8-B1F2-2538A8B51E36}.Debug|Any CPU.ActiveCfg = Debug|Any CPU
		{54663D0F-6ECD-4EB8-B1F2-2538A8B51E36}.Debug|Any CPU.Build.0 = Debug|Any CPU
		{54663D0F-6ECD-4EB8-B1F2-2538A8B51E36}.Release|Any CPU.ActiveCfg = Release|Any CPU
		{54663D0F-6ECD-4EB8-B1F2-2538A8B51E36}.Release|Any CPU.Build.0 = Release|Any CPU
		{308EDD97-9308-4D1D-937D-7166B93050B9}.Debug|Any CPU.ActiveCfg = Debug|Any CPU
		{308EDD97-9308-4D1D-937D-7166B93050B9}.Debug|Any CPU.Build.0 = Debug|Any CPU
		{308EDD97-9308-4D1D-937D-7166B93050B9}.Release|Any CPU.ActiveCfg = Release|Any CPU
		{308EDD97-9308-4D1D-937D-7166B93050B9}.Release|Any CPU.Build.0 = Release|Any CPU
		{DACD2830-4E54-48FE-994E-80113913933B}.Debug|Any CPU.ActiveCfg = Debug|Any CPU
		{DACD2830-4E54-48FE-994E-80113913933B}.Debug|Any CPU.Build.0 = Debug|Any CPU
		{DACD2830-4E54-48FE-994E-80113913933B}.Release|Any CPU.ActiveCfg = Release|Any CPU
		{DACD2830-4E54-48FE-994E-80113913933B}.Release|Any CPU.Build.0 = Release|Any CPU
		{68ECBF40-7257-400F-B199-0DB6D2A7A005}.Debug|Any CPU.ActiveCfg = Debug|Any CPU
		{68ECBF40-7257-400F-B199-0DB6D2A7A005}.Debug|Any CPU.Build.0 = Debug|Any CPU
		{68ECBF40-7257-400F-B199-0DB6D2A7A005}.Release|Any CPU.ActiveCfg = Release|Any CPU
		{68ECBF40-7257-400F-B199-0DB6D2A7A005}.Release|Any CPU.Build.0 = Release|Any CPU
	EndGlobalSection
	GlobalSection(SolutionProperties) = preSolution
		HideSolutionNode = FALSE
	EndGlobalSection
	GlobalSection(NestedProjects) = preSolution
		{A12FDDB4-E61C-455F-9164-07078AD574E7} = {033101E8-22BF-41B3-BE56-061E6B814A5D}
		{FCEFD171-404C-4029-A65F-006DDB80258F} = {033101E8-22BF-41B3-BE56-061E6B814A5D}
		{19E31D66-6002-4383-8FA9-6B4E9F31C0FB} = {033101E8-22BF-41B3-BE56-061E6B814A5D}
		{033101E8-22BF-41B3-BE56-061E6B814A5D} = {413254A3-C7C6-4BB4-A7F6-53BEA18346F0}
		{72064031-DCA6-4818-AF72-8016A0133239} = {413254A3-C7C6-4BB4-A7F6-53BEA18346F0}
		{9F04EACD-6D42-4AF1-882D-006847E6C814} = {72064031-DCA6-4818-AF72-8016A0133239}
		{5D7AB63C-8106-425B-B059-9F5B5E829587} = {72064031-DCA6-4818-AF72-8016A0133239}
		{610DB54F-8D62-4EDC-AA74-6144BF5959A6} = {72064031-DCA6-4818-AF72-8016A0133239}
		{BD329DE7-1D4B-476E-A473-96EC55E9599E} = {033101E8-22BF-41B3-BE56-061E6B814A5D}
		{8A81749D-FA08-4BA2-81DB-6709BB3F62CF} = {72064031-DCA6-4818-AF72-8016A0133239}
		{3C5AA45F-B7EE-4CD4-8F58-18BB60281D11} = {C2993E0E-0998-401F-8D21-805D3682B65B}
		{2F24CE72-9D20-4BCA-AA7D-6C99E8C5AA33} = {C2993E0E-0998-401F-8D21-805D3682B65B}
		{58A163B1-9ABA-4854-B162-BADD91A09B70} = {2F24CE72-9D20-4BCA-AA7D-6C99E8C5AA33}
		{1085437A-9D8D-47FE-B6AA-097EE9F57DBD} = {3C5AA45F-B7EE-4CD4-8F58-18BB60281D11}
		{7862E32D-BACB-4FF1-870E-DBAF0B27A82B} = {3C5AA45F-B7EE-4CD4-8F58-18BB60281D11}
		{EA00BC9D-C167-4444-9333-8A9A9084C0A8} = {3C5AA45F-B7EE-4CD4-8F58-18BB60281D11}
		{54663D0F-6ECD-4EB8-B1F2-2538A8B51E36} = {3C5AA45F-B7EE-4CD4-8F58-18BB60281D11}
		{308EDD97-9308-4D1D-937D-7166B93050B9} = {2F24CE72-9D20-4BCA-AA7D-6C99E8C5AA33}
		{DACD2830-4E54-48FE-994E-80113913933B} = {2F24CE72-9D20-4BCA-AA7D-6C99E8C5AA33}
		{68ECBF40-7257-400F-B199-0DB6D2A7A005} = {2F24CE72-9D20-4BCA-AA7D-6C99E8C5AA33}
	EndGlobalSection
	GlobalSection(ExtensibilityGlobals) = postSolution
		SolutionGuid = {699DD3C3-F0C9-415A-AAD1-E3DDED451699}
	EndGlobalSection
EndGlobal
